// !$*UTF8*$!
{
	archiveVersion = 1;
	classes = {
	};
	objectVersion = 50;
	objects = {

/* Begin PBXBuildFile section */
		09E6C68A26D3A1CC002E5B15 /* InstaFilter_Techniques_2App.swift in Sources */ = {isa = PBXBuildFile; fileRef = 09E6C68926D3A1CC002E5B15 /* InstaFilter_Techniques_2App.swift */; };
		09E6C68C26D3A1CC002E5B15 /* ContentView.swift in Sources */ = {isa = PBXBuildFile; fileRef = 09E6C68B26D3A1CC002E5B15 /* ContentView.swift */; };
		09E6C68E26D3A1D0002E5B15 /* Assets.xcassets in Resources */ = {isa = PBXBuildFile; fileRef = 09E6C68D26D3A1D0002E5B15 /* Assets.xcassets */; };
		09E6C69126D3A1D0002E5B15 /* Preview Assets.xcassets in Resources */ = {isa = PBXBuildFile; fileRef = 09E6C69026D3A1D0002E5B15 /* Preview Assets.xcassets */; };
		09E6C69B26D3A4A7002E5B15 /* PropertyWrappers.swift in Sources */ = {isa = PBXBuildFile; fileRef = 09E6C69A26D3A4A7002E5B15 /* PropertyWrappers.swift */; };
		09E6C69F26D3DDCD002E5B15 /* ShowingMultipleOptions.swift in Sources */ = {isa = PBXBuildFile; fileRef = 09E6C69E26D3DDCD002E5B15 /* ShowingMultipleOptions.swift */; };
		09E6C6A326D4124F002E5B15 /* IntegratingCoreImage.swift in Sources */ = {isa = PBXBuildFile; fileRef = 09E6C6A226D4124F002E5B15 /* IntegratingCoreImage.swift */; };
		09E6C6A826D42063002E5B15 /* ImagePicker.swift in Sources */ = {isa = PBXBuildFile; fileRef = 09E6C6A726D42063002E5B15 /* ImagePicker.swift */; };
/* End PBXBuildFile section */

/* Begin PBXFileReference section */
		09E6C68626D3A1CC002E5B15 /* InstaFilter Techniques 2.app */ = {isa = PBXFileReference; explicitFileType = wrapper.application; includeInIndex = 0; path = "InstaFilter Techniques 2.app"; sourceTree = BUILT_PRODUCTS_DIR; };
		09E6C68926D3A1CC002E5B15 /* InstaFilter_Techniques_2App.swift */ = {isa = PBXFileReference; lastKnownFileType = sourcecode.swift; path = InstaFilter_Techniques_2App.swift; sourceTree = "<group>"; };
		09E6C68B26D3A1CC002E5B15 /* ContentView.swift */ = {isa = PBXFileReference; lastKnownFileType = sourcecode.swift; path = ContentView.swift; sourceTree = "<group>"; };
		09E6C68D26D3A1D0002E5B15 /* Assets.xcassets */ = {isa = PBXFileReference; lastKnownFileType = folder.assetcatalog; path = Assets.xcassets; sourceTree = "<group>"; };
		09E6C69026D3A1D0002E5B15 /* Preview Assets.xcassets */ = {isa = PBXFileReference; lastKnownFileType = folder.assetcatalog; path = "Preview Assets.xcassets"; sourceTree = "<group>"; };
		09E6C69226D3A1D0002E5B15 /* Info.plist */ = {isa = PBXFileReference; lastKnownFileType = text.plist.xml; path = Info.plist; sourceTree = "<group>"; };
		09E6C69A26D3A4A7002E5B15 /* PropertyWrappers.swift */ = {isa = PBXFileReference; lastKnownFileType = sourcecode.swift; path = PropertyWrappers.swift; sourceTree = "<group>"; };
		09E6C69E26D3DDCD002E5B15 /* ShowingMultipleOptions.swift */ = {isa = PBXFileReference; lastKnownFileType = sourcecode.swift; path = ShowingMultipleOptions.swift; sourceTree = "<group>"; };
		09E6C6A226D4124F002E5B15 /* IntegratingCoreImage.swift */ = {isa = PBXFileReference; lastKnownFileType = sourcecode.swift; path = IntegratingCoreImage.swift; sourceTree = "<group>"; };
		09E6C6A726D42063002E5B15 /* ImagePicker.swift */ = {isa = PBXFileReference; lastKnownFileType = sourcecode.swift; path = ImagePicker.swift; sourceTree = "<group>"; };
/* End PBXFileReference section */

/* Begin PBXFrameworksBuildPhase section */
		09E6C68326D3A1CC002E5B15 /* Frameworks */ = {
			isa = PBXFrameworksBuildPhase;
			buildActionMask = 2147483647;
			files = (
			);
			runOnlyForDeploymentPostprocessing = 0;
		};
/* End PBXFrameworksBuildPhase section */

/* Begin PBXGroup section */
		09E6C67D26D3A1CC002E5B15 = {
			isa = PBXGroup;
			children = (
				09E6C68826D3A1CC002E5B15 /* InstaFilter Techniques 2 */,
				09E6C68726D3A1CC002E5B15 /* Products */,
			);
			sourceTree = "<group>";
		};
		09E6C68726D3A1CC002E5B15 /* Products */ = {
			isa = PBXGroup;
			children = (
				09E6C68626D3A1CC002E5B15 /* InstaFilter Techniques 2.app */,
			);
			name = Products;
			sourceTree = "<group>";
		};
		09E6C68826D3A1CC002E5B15 /* InstaFilter Techniques 2 */ = {
			isa = PBXGroup;
			children = (
				09E6C68926D3A1CC002E5B15 /* InstaFilter_Techniques_2App.swift */,
				09E6C69226D3A1D0002E5B15 /* Info.plist */,
				09E6C69926D3A485002E5B15 /* Day 62 */,
				09E6C6A126D40E24002E5B15 /* Day 63 */,
				09E6C6A726D42063002E5B15 /* ImagePicker.swift */,
				09E6C68B26D3A1CC002E5B15 /* ContentView.swift */,
				09E6C68D26D3A1D0002E5B15 /* Assets.xcassets */,
				09E6C68F26D3A1D0002E5B15 /* Preview Content */,
			);
			path = "InstaFilter Techniques 2";
			sourceTree = "<group>";
		};
		09E6C68F26D3A1D0002E5B15 /* Preview Content */ = {
			isa = PBXGroup;
			children = (
				09E6C69026D3A1D0002E5B15 /* Preview Assets.xcassets */,
			);
			path = "Preview Content";
			sourceTree = "<group>";
		};
		09E6C69926D3A485002E5B15 /* Day 62 */ = {
			isa = PBXGroup;
			children = (
				09E6C69A26D3A4A7002E5B15 /* PropertyWrappers.swift */,
				09E6C69E26D3DDCD002E5B15 /* ShowingMultipleOptions.swift */,
			);
			path = "Day 62";
			sourceTree = "<group>";
		};
		09E6C6A126D40E24002E5B15 /* Day 63 */ = {
			isa = PBXGroup;
			children = (
				09E6C6A226D4124F002E5B15 /* IntegratingCoreImage.swift */,
			);
			path = "Day 63";
			sourceTree = "<group>";
		};
/* End PBXGroup section */

/* Begin PBXNativeTarget section */
		09E6C68526D3A1CC002E5B15 /* InstaFilter Techniques 2 */ = {
			isa = PBXNativeTarget;
			buildConfigurationList = 09E6C69526D3A1D0002E5B15 /* Build configuration list for PBXNativeTarget "InstaFilter Techniques 2" */;
			buildPhases = (
				09E6C68226D3A1CC002E5B15 /* Sources */,
				09E6C68326D3A1CC002E5B15 /* Frameworks */,
				09E6C68426D3A1CC002E5B15 /* Resources */,
			);
			buildRules = (
			);
			dependencies = (
			);
			name = "InstaFilter Techniques 2";
			productName = "InstaFilter Techniques 2";
			productReference = 09E6C68626D3A1CC002E5B15 /* InstaFilter Techniques 2.app */;
			productType = "com.apple.product-type.application";
		};
/* End PBXNativeTarget section */

/* Begin PBXProject section */
		09E6C67E26D3A1CC002E5B15 /* Project object */ = {
			isa = PBXProject;
			attributes = {
				LastSwiftUpdateCheck = 1240;
				LastUpgradeCheck = 1240;
				TargetAttributes = {
					09E6C68526D3A1CC002E5B15 = {
						CreatedOnToolsVersion = 12.4;
					};
				};
			};
			buildConfigurationList = 09E6C68126D3A1CC002E5B15 /* Build configuration list for PBXProject "InstaFilter Techniques 2" */;
			compatibilityVersion = "Xcode 9.3";
			developmentRegion = en;
			hasScannedForEncodings = 0;
			knownRegions = (
				en,
				Base,
			);
			mainGroup = 09E6C67D26D3A1CC002E5B15;
			productRefGroup = 09E6C68726D3A1CC002E5B15 /* Products */;
			projectDirPath = "";
			projectRoot = "";
			targets = (
				09E6C68526D3A1CC002E5B15 /* InstaFilter Techniques 2 */,
			);
		};
/* End PBXProject section */

/* Begin PBXResourcesBuildPhase section */
		09E6C68426D3A1CC002E5B15 /* Resources */ = {
			isa = PBXResourcesBuildPhase;
			buildActionMask = 2147483647;
			files = (
				09E6C69126D3A1D0002E5B15 /* Preview Assets.xcassets in Resources */,
				09E6C68E26D3A1D0002E5B15 /* Assets.xcassets in Resources */,
			);
			runOnlyForDeploymentPostprocessing = 0;
		};
/* End PBXResourcesBuildPhase section */

/* Begin PBXSourcesBuildPhase section */
		09E6C68226D3A1CC002E5B15 /* Sources */ = {
			isa = PBXSourcesBuildPhase;
			buildActionMask = 2147483647;
			files = (
				09E6C69B26D3A4A7002E5B15 /* PropertyWrappers.swift in Sources */,
				09E6C68C26D3A1CC002E5B15 /* ContentView.swift in Sources */,
				09E6C6A326D4124F002E5B15 /* IntegratingCoreImage.swift in Sources */,
				09E6C6A826D42063002E5B15 /* ImagePicker.swift in Sources */,
				09E6C69F26D3DDCD002E5B15 /* ShowingMultipleOptions.swift in Sources */,
				09E6C68A26D3A1CC002E5B15 /* InstaFilter_Techniques_2App.swift in Sources */,
			);
			runOnlyForDeploymentPostprocessing = 0;
		};
/* End PBXSourcesBuildPhase section */

/* Begin XCBuildConfiguration section */
		09E6C69326D3A1D0002E5B15 /* Debug */ = {
			isa = XCBuildConfiguration;
			buildSettings = {
				ALWAYS_SEARCH_USER_PATHS = NO;
				CLANG_ANALYZER_NONNULL = YES;
				CLANG_ANALYZER_NUMBER_OBJECT_CONVERSION = YES_AGGRESSIVE;
				CLANG_CXX_LANGUAGE_STANDARD = "gnu++14";
				CLANG_CXX_LIBRARY = "libc++";
				CLANG_ENABLE_MODULES = YES;
				CLANG_ENABLE_OBJC_ARC = YES;
				CLANG_ENABLE_OBJC_WEAK = YES;
				CLANG_WARN_BLOCK_CAPTURE_AUTORELEASING = YES;
				CLANG_WARN_BOOL_CONVERSION = YES;
				CLANG_WARN_COMMA = YES;
				CLANG_WARN_CONSTANT_CONVERSION = YES;
				CLANG_WARN_DEPRECATED_OBJC_IMPLEMENTATIONS = YES;
				CLANG_WARN_DIRECT_OBJC_ISA_USAGE = YES_ERROR;
				CLANG_WARN_DOCUMENTATION_COMMENTS = YES;
				CLANG_WARN_EMPTY_BODY = YES;
				CLANG_WARN_ENUM_CONVERSION = YES;
				CLANG_WARN_INFINITE_RECURSION = YES;
				CLANG_WARN_INT_CONVERSION = YES;
				CLANG_WARN_NON_LITERAL_NULL_CONVERSION = YES;
				CLANG_WARN_OBJC_IMPLICIT_RETAIN_SELF = YES;
				CLANG_WARN_OBJC_LITERAL_CONVERSION = YES;
				CLANG_WARN_OBJC_ROOT_CLASS = YES_ERROR;
				CLANG_WARN_QUOTED_INCLUDE_IN_FRAMEWORK_HEADER = YES;
				CLANG_WARN_RANGE_LOOP_ANALYSIS = YES;
				CLANG_WARN_STRICT_PROTOTYPES = YES;
				CLANG_WARN_SUSPICIOUS_MOVE = YES;
				CLANG_WARN_UNGUARDED_AVAILABILITY = YES_AGGRESSIVE;
				CLANG_WARN_UNREACHABLE_CODE = YES;
				CLANG_WARN__DUPLICATE_METHOD_MATCH = YES;
				COPY_PHASE_STRIP = NO;
				DEBUG_INFORMATION_FORMAT = dwarf;
				ENABLE_STRICT_OBJC_MSGSEND = YES;
				ENABLE_TESTABILITY = YES;
				GCC_C_LANGUAGE_STANDARD = gnu11;
				GCC_DYNAMIC_NO_PIC = NO;
				GCC_NO_COMMON_BLOCKS = YES;
				GCC_OPTIMIZATION_LEVEL = 0;
				GCC_PREPROCESSOR_DEFINITIONS = (
					"DEBUG=1",
					"$(inherited)",
				);
				GCC_WARN_64_TO_32_BIT_CONVERSION = YES;
				GCC_WARN_ABOUT_RETURN_TYPE = YES_ERROR;
				GCC_WARN_UNDECLARED_SELECTOR = YES;
				GCC_WARN_UNINITIALIZED_AUTOS = YES_AGGRESSIVE;
				GCC_WARN_UNUSED_FUNCTION = YES;
				GCC_WARN_UNUSED_VARIABLE = YES;
				IPHONEOS_DEPLOYMENT_TARGET = 14.4;
				MTL_ENABLE_DEBUG_INFO = INCLUDE_SOURCE;
				MTL_FAST_MATH = YES;
				ONLY_ACTIVE_ARCH = YES;
				SDKROOT = iphoneos;
				SWIFT_ACTIVE_COMPILATION_CONDITIONS = DEBUG;
				SWIFT_OPTIMIZATION_LEVEL = "-Onone";
			};
			name = Debug;
		};
		09E6C69426D3A1D0002E5B15 /* Release */ = {
			isa = XCBuildConfiguration;
			buildSettings = {
				ALWAYS_SEARCH_USER_PATHS = NO;
				CLANG_ANALYZER_NONNULL = YES;
				CLANG_ANALYZER_NUMBER_OBJECT_CONVERSION = YES_AGGRESSIVE;
				CLANG_CXX_LANGUAGE_STANDARD = "gnu++14";
				CLANG_CXX_LIBRARY = "libc++";
				CLANG_ENABLE_MODULES = YES;
				CLANG_ENABLE_OBJC_ARC = YES;
				CLANG_ENABLE_OBJC_WEAK = YES;
				CLANG_WARN_BLOCK_CAPTURE_AUTORELEASING = YES;
				CLANG_WARN_BOOL_CONVERSION = YES;
				CLANG_WARN_COMMA = YES;
				CLANG_WARN_CONSTANT_CONVERSION = YES;
				CLANG_WARN_DEPRECATED_OBJC_IMPLEMENTATIONS = YES;
				CLANG_WARN_DIRECT_OBJC_ISA_USAGE = YES_ERROR;
				CLANG_WARN_DOCUMENTATION_COMMENTS = YES;
				CLANG_WARN_EMPTY_BODY = YES;
				CLANG_WARN_ENUM_CONVERSION = YES;
				CLANG_WARN_INFINITE_RECURSION = YES;
				CLANG_WARN_INT_CONVERSION = YES;
				CLANG_WARN_NON_LITERAL_NULL_CONVERSION = YES;
				CLANG_WARN_OBJC_IMPLICIT_RETAIN_SELF = YES;
				CLANG_WARN_OBJC_LITERAL_CONVERSION = YES;
				CLANG_WARN_OBJC_ROOT_CLASS = YES_ERROR;
				CLANG_WARN_QUOTED_INCLUDE_IN_FRAMEWORK_HEADER = YES;
				CLANG_WARN_RANGE_LOOP_ANALYSIS = YES;
				CLANG_WARN_STRICT_PROTOTYPES = YES;
				CLANG_WARN_SUSPICIOUS_MOVE = YES;
				CLANG_WARN_UNGUARDED_AVAILABILITY = YES_AGGRESSIVE;
				CLANG_WARN_UNREACHABLE_CODE = YES;
				CLANG_WARN__DUPLICATE_METHOD_MATCH = YES;
				COPY_PHASE_STRIP = NO;
				DEBUG_INFORMATION_FORMAT = "dwarf-with-dsym";
				ENABLE_NS_ASSERTIONS = NO;
				ENABLE_STRICT_OBJC_MSGSEND = YES;
				GCC_C_LANGUAGE_STANDARD = gnu11;
				GCC_NO_COMMON_BLOCKS = YES;
				GCC_WARN_64_TO_32_BIT_CONVERSION = YES;
				GCC_WARN_ABOUT_RETURN_TYPE = YES_ERROR;
				GCC_WARN_UNDECLARED_SELECTOR = YES;
				GCC_WARN_UNINITIALIZED_AUTOS = YES_AGGRESSIVE;
				GCC_WARN_UNUSED_FUNCTION = YES;
				GCC_WARN_UNUSED_VARIABLE = YES;
				IPHONEOS_DEPLOYMENT_TARGET = 14.4;
				MTL_ENABLE_DEBUG_INFO = NO;
				MTL_FAST_MATH = YES;
				SDKROOT = iphoneos;
				SWIFT_COMPILATION_MODE = wholemodule;
				SWIFT_OPTIMIZATION_LEVEL = "-O";
				VALIDATE_PRODUCT = YES;
			};
			name = Release;
		};
		09E6C69626D3A1D0002E5B15 /* Debug */ = {
			isa = XCBuildConfiguration;
			buildSettings = {
				ASSETCATALOG_COMPILER_APPICON_NAME = AppIcon;
				ASSETCATALOG_COMPILER_GLOBAL_ACCENT_COLOR_NAME = AccentColor;
				CODE_SIGN_STYLE = Automatic;
				DEVELOPMENT_ASSET_PATHS = "\"InstaFilter Techniques 2/Preview Content\"";
				DEVELOPMENT_TEAM = PKTBX2CYQK;
				ENABLE_PREVIEWS = YES;
				INFOPLIST_FILE = "InstaFilter Techniques 2/Info.plist";
				IPHONEOS_DEPLOYMENT_TARGET = 14.0;
				LD_RUNPATH_SEARCH_PATHS = (
					"$(inherited)",
					"@executable_path/Frameworks",
				);
				PRODUCT_BUNDLE_IDENTIFIER = "com.nicefiction.InstaFilter-Techniques-2";
				PRODUCT_NAME = "$(TARGET_NAME)";
				SWIFT_VERSION = 5.0;
				TARGETED_DEVICE_FAMILY = "1,2";
			};
			name = Debug;
		};
		09E6C69726D3A1D0002E5B15 /* Release */ = {
			isa = XCBuildConfiguration;
			buildSettings = {
				ASSETCATALOG_COMPILER_APPICON_NAME = AppIcon;
				ASSETCATALOG_COMPILER_GLOBAL_ACCENT_COLOR_NAME = AccentColor;
				CODE_SIGN_STYLE = Automatic;
				DEVELOPMENT_ASSET_PATHS = "\"InstaFilter Techniques 2/Preview Content\"";
				DEVELOPMENT_TEAM = PKTBX2CYQK;
				ENABLE_PREVIEWS = YES;
				INFOPLIST_FILE = "InstaFilter Techniques 2/Info.plist";
				IPHONEOS_DEPLOYMENT_TARGET = 14.0;
				LD_RUNPATH_SEARCH_PATHS = (
					"$(inherited)",
					"@executable_path/Frameworks",
				);
				PRODUCT_BUNDLE_IDENTIFIER = "com.nicefiction.InstaFilter-Techniques-2";
				PRODUCT_NAME = "$(TARGET_NAME)";
				SWIFT_VERSION = 5.0;
				TARGETED_DEVICE_FAMILY = "1,2";
			};
			name = Release;
		};
/* End XCBuildConfiguration section */

/* Begin XCConfigurationList section */
		09E6C68126D3A1CC002E5B15 /* Build configuration list for PBXProject "InstaFilter Techniques 2" */ = {
			isa = XCConfigurationList;
			buildConfigurations = (
				09E6C69326D3A1D0002E5B15 /* Debug */,
				09E6C69426D3A1D0002E5B15 /* Release */,
			);
			defaultConfigurationIsVisible = 0;
			defaultConfigurationName = Release;
		};
		09E6C69526D3A1D0002E5B15 /* Build configuration list for PBXNativeTarget "InstaFilter Techniques 2" */ = {
			isa = XCConfigurationList;
			buildConfigurations = (
				09E6C69626D3A1D0002E5B15 /* Debug */,
				09E6C69726D3A1D0002E5B15 /* Release */,
			);
			defaultConfigurationIsVisible = 0;
			defaultConfigurationName = Release;
		};
/* End XCConfigurationList section */
	};
	rootObject = 09E6C67E26D3A1CC002E5B15 /* Project object */;
}
